
Microsoft Visual Studio Solution File, Format Version 12.00
# Visual Studio Version 17
VisualStudioVersion = 17.14.36511.14
MinimumVisualStudioVersion = 10.0.40219.1
Project("{FAE04EC0-301F-11D3-BF4B-00C04F79EFBC}") = "ExcelRefineAddIn", "ExcelRefineAddIn\ExcelRefineAddIn.csproj", "{72FD12D7-6F9C-45F3-8C5A-1269E415D501}"
EndProject
Project("{2150E333-8FDC-42A3-9474-1A3956D46DE8}") = "Solution Items", "Solution Items", "{8EC462FD-D22E-90A8-E5CE-7E832BA40C5D}"
EndProject
Project("{54435603-DBB4-11D2-8724-00A0C9A8B90C}") = "ExcelRefine.Setup", "ExcelRefine.Setup\ExcelRefine.SetupProject.vdproj", "{7552A6AA-F6E3-56DD-BAE4-27A609C12DF8}"
EndProject
Global
	GlobalSection(SolutionConfigurationPlatforms) = preSolution
		Debug|Any CPU = Debug|Any CPU
		Release|Any CPU = Release|Any CPU
	EndGlobalSection
	GlobalSection(ProjectConfigurationPlatforms) = postSolution
		{72FD12D7-6F9C-45F3-8C5A-1269E415D501}.Debug|Any CPU.ActiveCfg = Debug|Any CPU
		{72FD12D7-6F9C-45F3-8C5A-1269E415D501}.Debug|Any CPU.Build.0 = Debug|Any CPU
		{72FD12D7-6F9C-45F3-8C5A-1269E415D501}.Release|Any CPU.ActiveCfg = Release|Any CPU
		{72FD12D7-6F9C-45F3-8C5A-1269E415D501}.Release|Any CPU.Build.0 = Release|Any CPU
		{7552A6AA-F6E3-56DD-BAE4-27A609C12DF8}.Debug|Any CPU.ActiveCfg = Debug
		{7552A6AA-F6E3-56DD-BAE4-27A609C12DF8}.Debug|Any CPU.Build.0 = Debug
		{7552A6AA-F6E3-56DD-BAE4-27A609C12DF8}.Release|Any CPU.ActiveCfg = Release
		{7552A6AA-F6E3-56DD-BAE4-27A609C12DF8}.Release|Any CPU.Build.0 = Release
	EndGlobalSection
	GlobalSection(SolutionProperties) = preSolution
		HideSolutionNode = FALSE
	EndGlobalSection
	GlobalSection(ExtensibilityGlobals) = postSolution
		SolutionGuid = {7AA94E89-0721-4E93-B504-0DDD034CD6F9}
	EndGlobalSection
EndGlobal
